
Microsoft Visual Studio Solution File, Format Version 12.00
# Visual Studio 15
VisualStudioVersion = 15.0.28307.489
MinimumVisualStudioVersion = 10.0.40219.1
Project("{FAE04EC0-301F-11D3-BF4B-00C04F79EFBC}") = "AP-EX1", "AP-EX1\AP-EX1.csproj", "{6C3A01E1-C27D-4609-9FB1-063822190759}"
EndProject
Global
	GlobalSection(SolutionConfigurationPlatforms) = preSolution
		Debug|Any CPU = Debug|Any CPU
		Release|Any CPU = Release|Any CPU
	EndGlobalSection
	GlobalSection(ProjectConfigurationPlatforms) = postSolution
		{6C3A01E1-C27D-4609-9FB1-063822190759}.Debug|Any CPU.ActiveCfg = Debug|Any CPU
		{6C3A01E1-C27D-4609-9FB1-063822190759}.Debug|Any CPU.Build.0 = Debug|Any CPU
		{6C3A01E1-C27D-4609-9FB1-063822190759}.Release|Any CPU.ActiveCfg = Release|Any CPU
		{6C3A01E1-C27D-4609-9FB1-063822190759}.Release|Any CPU.Build.0 = Release|Any CPU
	EndGlobalSection
	GlobalSection(SolutionProperties) = preSolution
		HideSolutionNode = FALSE
	EndGlobalSection
	GlobalSection(ExtensibilityGlobals) = postSolution
		SolutionGuid = {47509FB1-9CA6-48F8-99A2-47D122DE964A}
	EndGlobalSection
EndGlobal
